
Microsoft Visual Studio Solution File, Format Version 12.00
# Visual Studio Version 17
VisualStudioVersion = 17.1.32210.238
MinimumVisualStudioVersion = 10.0.40219.1
Project("{9A19103F-16F7-4668-BE54-9A1E7A4F7556}") = "MILK", "MILK\MILK.csproj", "{A362634F-577A-45D1-9BB8-58F813435AD4}"
EndProject
Global
	GlobalSection(SolutionConfigurationPlatforms) = preSolution
		Debug|Any CPU = Debug|Any CPU
		Release|Any CPU = Release|Any CPU
	EndGlobalSection
	GlobalSection(ProjectConfigurationPlatforms) = postSolution
		{A362634F-577A-45D1-9BB8-58F813435AD4}.Debug|Any CPU.ActiveCfg = Debug|Any CPU
		{A362634F-577A-45D1-9BB8-58F813435AD4}.Debug|Any CPU.Build.0 = Debug|Any CPU
		{A362634F-577A-45D1-9BB8-58F813435AD4}.Release|Any CPU.ActiveCfg = Release|Any CPU
		{A362634F-577A-45D1-9BB8-58F813435AD4}.Release|Any CPU.Build.0 = Release|Any CPU
	EndGlobalSection
	GlobalSection(SolutionProperties) = preSolution
		HideSolutionNode = FALSE
	EndGlobalSection
	GlobalSection(ExtensibilityGlobals) = postSolution
		SolutionGuid = {0C7066CF-AF5B-4CF5-8393-1EEF34C29F88}
	EndGlobalSection
EndGlobal
